// !$*UTF8*$!
{
	archiveVersion = 1;
	classes = {
	};
	objectVersion = 46;
	objects = {
/* Begin PBXBuildFile section */
		0207DA581B56EA530066E2B4 /* Images.xcassets in Resources */ = {isa = PBXBuildFile; fileRef = 0207DA571B56EA530066E2B4 /* Images.xcassets */; };
		1D3623260D0F684500981E51 /* AppDelegate.m in Sources */ = {isa = PBXBuildFile; fileRef = 1D3623250D0F684500981E51 /* AppDelegate.m */; };
		1D60589B0D05DD56006BFB54 /* main.m in Sources */ = {isa = PBXBuildFile; fileRef = 29B97316FDCFA39411CA2CEA /* main.m */; };
		301BF552109A68D80062928A /* libCordova.a in Frameworks */ = {isa = PBXBuildFile; fileRef = 301BF535109A57CC0062928A /* libCordova.a */; };
		302D95F114D2391D003F00A1 /* MainViewController.m in Sources */ = {isa = PBXBuildFile; fileRef = 302D95EF14D2391D003F00A1 /* MainViewController.m */; };
		302D95F214D2391D003F00A1 /* MainViewController.xib in Resources */ = {isa = PBXBuildFile; fileRef = 302D95F014D2391D003F00A1 /* MainViewController.xib */; };
		3047A5121AB8059700498E2A /* build-debug.xcconfig in Resources */ = {isa = PBXBuildFile; fileRef = 3047A50F1AB8059700498E2A /* build-debug.xcconfig */; };
		3047A5131AB8059700498E2A /* build-release.xcconfig in Resources */ = {isa = PBXBuildFile; fileRef = 3047A5101AB8059700498E2A /* build-release.xcconfig */; };
		3047A5141AB8059700498E2A /* build.xcconfig in Resources */ = {isa = PBXBuildFile; fileRef = 3047A5111AB8059700498E2A /* build.xcconfig */; };
		FC2CA6F2740D4500AB477248 /* SpinnerPlugin.m in Sources */ = {isa = PBXBuildFile; fileRef = E580521315A74886B7551ECE /* SpinnerPlugin.m */; };
		F9891F5C5507451181E27932 /* AppDelegate+notification.m in Sources */ = {isa = PBXBuildFile; fileRef = C70EC747F7CE4BF1B4B3CCAC /* AppDelegate+notification.m */; };
		7C6276C1E676409AB414D23D /* PushPlugin.m in Sources */ = {isa = PBXBuildFile; fileRef = 5F345CD5DCCC4DC5B1879D4E /* PushPlugin.m */; };
		FD6463F3A0484369B063A683 /* libGGLCloudMessaging.a in Frameworks */ = {isa = PBXBuildFile; fileRef = C549581D4044486F8333DC85 /* libGGLCloudMessaging.a */; };
		57897B1070A4476DB258F18E /* libGGLCore.a in Frameworks */ = {isa = PBXBuildFile; fileRef = 11E8989FAE7147A481E17D81 /* libGGLCore.a */; };
		065BC48F6F5640EDBB8F1B4F /* libGGLInstanceIDLib.a in Frameworks */ = {isa = PBXBuildFile; fileRef = 775C3F073C714D208A58F536 /* libGGLInstanceIDLib.a */; };
		C4E3CEAC0DF649F381329B1C /* libGIP_Reachability.a in Frameworks */ = {isa = PBXBuildFile; fileRef = 712EB1AF5D4A4A46AEE75FD2 /* libGIP_Reachability.a */; };
		4AC1F77370E34CB7AFA8725A /* libGSDK_Overload.a in Frameworks */ = {isa = PBXBuildFile; fileRef = 2DA2E7460E1F4767985D086D /* libGSDK_Overload.a */; };
		48E820C380A44896A9668447 /* libGTMSessionFetcher_core.a in Frameworks */ = {isa = PBXBuildFile; fileRef = CAA2F76445574CEF879219EC /* libGTMSessionFetcher_core.a */; };
		597EE1C68C5E4C45B57DDE96 /* libGTMSessionFetcher_full.a in Frameworks */ = {isa = PBXBuildFile; fileRef = 5627F74C46134A64B22CFFD5 /* libGTMSessionFetcher_full.a */; };
		254A8DC3368D4E1A83859B27 /* libGTMStackTrace.a in Frameworks */ = {isa = PBXBuildFile; fileRef = 78A5587684FD4C58BB114FCE /* libGTMStackTrace.a */; };
		F0F1862DE55A479C9EF59870 /* libGTM_AddressBook.a in Frameworks */ = {isa = PBXBuildFile; fileRef = F607251D75564136B07E555B /* libGTM_AddressBook.a */; };
		B47A609F0C844D3F973A22A7 /* libGTM_DebugUtils.a in Frameworks */ = {isa = PBXBuildFile; fileRef = 0DB76C2554E04392A13D2E86 /* libGTM_DebugUtils.a */; };
		BDE5220A86794D9589ADE8E1 /* libGTM_GTMURLBuilder.a in Frameworks */ = {isa = PBXBuildFile; fileRef = 6268FF6432674A8496E206BF /* libGTM_GTMURLBuilder.a */; };
		66838AE350264D93B14744A9 /* libGTM_KVO.a in Frameworks */ = {isa = PBXBuildFile; fileRef = 7BA799A1F1544C0DB8F5D451 /* libGTM_KVO.a */; };
		2551CD7ABD854DAA97D58681 /* libGTM_NSData+zlib.a in Frameworks */ = {isa = PBXBuildFile; fileRef = A344AAC3676B40498806638E /* libGTM_NSData+zlib.a */; };
		7D47FA6F09C5419B866EA253 /* libGTM_NSDictionary+URLArguments.a in Frameworks */ = {isa = PBXBuildFile; fileRef = D35619FD8E28499598F3D626 /* libGTM_NSDictionary+URLArguments.a */; };
		9FDE6EB12CE540D0BE2D2463 /* libGTM_NSScannerJSON.a in Frameworks */ = {isa = PBXBuildFile; fileRef = DF451A2C6EEC427EB8F185B2 /* libGTM_NSScannerJSON.a */; };
		CC1BFEBB85BF48EAB8E1F957 /* libGTM_NSStringHTML.a in Frameworks */ = {isa = PBXBuildFile; fileRef = 78193F1B98404151915AEC7B /* libGTM_NSStringHTML.a */; };
		CFCB8AB49BBA434FBDBD5E9B /* libGTM_NSStringXML.a in Frameworks */ = {isa = PBXBuildFile; fileRef = 6609732B831E4AB28D4E6DC7 /* libGTM_NSStringXML.a */; };
		48F32DC4B38945D498CBA70A /* libGTM_Regex.a in Frameworks */ = {isa = PBXBuildFile; fileRef = EEA6F85ADE5445A78CB7CA88 /* libGTM_Regex.a */; };
		AB4DADC150744114B2631431 /* libGTM_RoundedRectPath.a in Frameworks */ = {isa = PBXBuildFile; fileRef = FFDBD113FD5740ED94E3D392 /* libGTM_RoundedRectPath.a */; };
		D454D79BB40F4EF6A0FE8EE4 /* libGTM_StringEncoding.a in Frameworks */ = {isa = PBXBuildFile; fileRef = 7C0E2351E2B14F798A2BE595 /* libGTM_StringEncoding.a */; };
		AD978B955D244231A106ABB0 /* libGTM_SystemVersion.a in Frameworks */ = {isa = PBXBuildFile; fileRef = 835A5475859544B9B5436108 /* libGTM_SystemVersion.a */; };
		42267A17F3474586B7D6D8BB /* libGTM_UIFont+LineHeight.a in Frameworks */ = {isa = PBXBuildFile; fileRef = F028F6A233604FC5B57A5AD6 /* libGTM_UIFont+LineHeight.a */; };
		BAB653F001464D0E836BAA57 /* libGTM_core.a in Frameworks */ = {isa = PBXBuildFile; fileRef = 3286B6524F07450CA833562C /* libGTM_core.a */; };
		C3C84FD6C28249B8931AFA2B /* libGTM_iPhone.a in Frameworks */ = {isa = PBXBuildFile; fileRef = 464737338046483B91281582 /* libGTM_iPhone.a */; };
		D203E427FEE24816BFB9069A /* libGcmLib.a in Frameworks */ = {isa = PBXBuildFile; fileRef = 57DA1F7A1B0742A59A43E8EF /* libGcmLib.a */; };
		255AE69E53FA4F2E8AB1031C /* libProtocolBuffers.a in Frameworks */ = {isa = PBXBuildFile; fileRef = C8D5F4B0B66949E0907B1809 /* libProtocolBuffers.a */; };
		C279CE9147E741EDACD4E167 /* AddressBook.framework in Frameworks */ = {isa = PBXBuildFile; fileRef = 8701681559504CC0902059AC /* AddressBook.framework */; };
		D164D6E6031C42A78279AD90 /* libsqlite3.tbd in Frameworks */ = {isa = PBXBuildFile; fileRef = 2BB46AF020AC47558A56C62B /* libsqlite3.tbd */; };
		D7DF94FBD5A242AEB300FBCC /* libz.tbd in Frameworks */ = {isa = PBXBuildFile; fileRef = 11013C9E1D44433181117313 /* libz.tbd */; };
		61C8F959AD2548CA8C773CF9 /* SQLitePlugin.m in Sources */ = {isa = PBXBuildFile; fileRef = EF87379191F64B5CB77B0AE5 /* SQLitePlugin.m */; };
		01F4BE21D22E4C139BCC57DB /* sqlite3.c in Resources */ = {isa = PBXBuildFile; fileRef = 97D7D4CA3D144D92BCE2CA30 /* sqlite3.c */; settings = {COMPILER_FLAGS = "-DSQLITE_TEMP_STORE=2 -DSQLITE_THREADSAFE=2 -DSQLITE_ENABLE_FTS3 -DSQLITE_ENABLE_FTS3_PARENTHESIS -DSQLITE_ENABLE_FTS4 -DSQLITE_ENABLE_COLUMN_METADATA -DSQLITE_ENABLE_RTREE -DSQLITE_LOCKING_STYLE=1 -DSQLITE_OMIT_BUILTIN_TEST -DSQLITE_OMIT_LOAD_EXTENSION"; }; };
		DE7CA08BC49B4A62AEFD50A8 /* CDVNotification.m in Sources */ = {isa = PBXBuildFile; fileRef = 58964A5E9D854A5BB7921BAA /* CDVNotification.m */; };
		27CE581A253349B7822F840D /* CDVNotification.bundle in Resources */ = {isa = PBXBuildFile; fileRef = 36A23CFF7F54402C903AE4D0 /* CDVNotification.bundle */; };
		221DC55D0941449881ECECB4 /* AudioToolbox.framework in Frameworks */ = {isa = PBXBuildFile; fileRef = C3F4906FC3704DA48C50D537 /* AudioToolbox.framework */; settings = {ATTRIBUTES = (Weak, ); }; };
/* End PBXBuildFile section */

/* Begin PBXContainerItemProxy section */
		301BF534109A57CC0062928A /* PBXContainerItemProxy */ = {
			isa = PBXContainerItemProxy;
			containerPortal = 301BF52D109A57CC0062928A /* CordovaLib.xcodeproj */;
			proxyType = 2;
			remoteGlobalIDString = D2AAC07E0554694100DB518D;
			remoteInfo = CordovaLib;
		};
		301BF550109A68C00062928A /* PBXContainerItemProxy */ = {
			isa = PBXContainerItemProxy;
			containerPortal = 301BF52D109A57CC0062928A /* CordovaLib.xcodeproj */;
			proxyType = 1;
			remoteGlobalIDString = D2AAC07D0554694100DB518D;
			remoteInfo = CordovaLib;
		};
/* End PBXContainerItemProxy section */

/* Begin PBXFileReference section */
		0207DA571B56EA530066E2B4 /* Images.xcassets */ = {isa = PBXFileReference; lastKnownFileType = folder.assetcatalog; name = Images.xcassets; path = "UTP Preguntados/Images.xcassets"; sourceTree = SOURCE_ROOT; };
		1D3623240D0F684500981E51 /* AppDelegate.h */ = {isa = PBXFileReference; fileEncoding = 4; lastKnownFileType = sourcecode.c.h; path = AppDelegate.h; sourceTree = "<group>"; };
		1D3623250D0F684500981E51 /* AppDelegate.m */ = {isa = PBXFileReference; fileEncoding = 4; lastKnownFileType = sourcecode.c.objc; path = AppDelegate.m; sourceTree = "<group>"; };
		1D6058910D05DD3D006BFB54 /* UTP Preguntados.app */ = {isa = PBXFileReference; explicitFileType = wrapper.application; includeInIndex = 0; path = "UTP Preguntados.app"; sourceTree = BUILT_PRODUCTS_DIR; };
		29B97316FDCFA39411CA2CEA /* main.m */ = {isa = PBXFileReference; fileEncoding = 4; lastKnownFileType = sourcecode.c.objc; path = main.m; sourceTree = "<group>"; };
		301BF52D109A57CC0062928A /* CordovaLib.xcodeproj */ = {isa = PBXFileReference; lastKnownFileType = "wrapper.pb-project"; name = CordovaLib.xcodeproj; path = CordovaLib/CordovaLib.xcodeproj; sourceTree = "<group>"; };
		301BF56E109A69640062928A /* www */ = {isa = PBXFileReference; lastKnownFileType = folder; path = www; sourceTree = SOURCE_ROOT; };
		302D95EE14D2391D003F00A1 /* MainViewController.h */ = {isa = PBXFileReference; fileEncoding = 4; lastKnownFileType = sourcecode.c.h; path = MainViewController.h; sourceTree = "<group>"; };
		302D95EF14D2391D003F00A1 /* MainViewController.m */ = {isa = PBXFileReference; fileEncoding = 4; lastKnownFileType = sourcecode.c.objc; path = MainViewController.m; sourceTree = "<group>"; };
		302D95F014D2391D003F00A1 /* MainViewController.xib */ = {isa = PBXFileReference; fileEncoding = 4; lastKnownFileType = file.xib; path = MainViewController.xib; sourceTree = "<group>"; };
		3047A50F1AB8059700498E2A /* build-debug.xcconfig */ = {isa = PBXFileReference; fileEncoding = 4; lastKnownFileType = text.xcconfig; name = "build-debug.xcconfig"; path = cordova/build-debug.xcconfig; sourceTree = SOURCE_ROOT; };
		3047A5101AB8059700498E2A /* build-release.xcconfig */ = {isa = PBXFileReference; fileEncoding = 4; lastKnownFileType = text.xcconfig; name = "build-release.xcconfig"; path = cordova/build-release.xcconfig; sourceTree = SOURCE_ROOT; };
		3047A5111AB8059700498E2A /* build.xcconfig */ = {isa = PBXFileReference; fileEncoding = 4; lastKnownFileType = text.xcconfig; name = build.xcconfig; path = cordova/build.xcconfig; sourceTree = SOURCE_ROOT; };
		32CA4F630368D1EE00C91783 /* UTP Preguntados-Prefix.pch */ = {isa = PBXFileReference; fileEncoding = 4; lastKnownFileType = sourcecode.c.h; path = "UTP Preguntados-Prefix.pch"; sourceTree = "<group>"; };
		8D1107310486CEB800E47090 /* UTP Preguntados-Info.plist */ = {isa = PBXFileReference; fileEncoding = 4; lastKnownFileType = text.plist.xml; name = "UTP Preguntados-Info.plist"; path = "UTP Preguntados/UTP Preguntados-Info.plist"; plistStructureDefinitionIdentifier = "com.apple.xcode.plist.structure-definition.iphone.info-plist"; sourceTree = SOURCE_ROOT; };
		EB87FDF31871DA8E0020F90C /* www */ = {isa = PBXFileReference; lastKnownFileType = folder; name = www; path = ../../www; sourceTree = "<group>"; };
		EB87FDF41871DAF40020F90C /* config.xml */ = {isa = PBXFileReference; lastKnownFileType = text.xml; name = config.xml; path = ../../config.xml; sourceTree = "<group>"; };
		F840E1F0165FE0F500CFE078 /* config.xml */ = {isa = PBXFileReference; lastKnownFileType = text.xml; name = config.xml; path = "UTP Preguntados/config.xml"; sourceTree = "<group>"; };
		ED33DF2A687741AEAF9F8254 /* Bridging-Header.h */ = {isa = PBXFileReference; fileEncoding = 4; lastKnownFileType = sourcecode.c.h; name = "Bridging-Header.h"; path = "Bridging-Header.h"; sourceTree = "<group>"; };
		E580521315A74886B7551ECE /* SpinnerPlugin.m */ = {isa = PBXFileReference; name = "SpinnerPlugin.m"; path = "it.mobimentum.phonegapspinnerplugin/SpinnerPlugin.m"; sourceTree = "<group>"; fileEncoding = 4; lastKnownFileType = sourcecode.c.objc; explicitFileType = undefined; includeInIndex = 0; };
		0B8EE4DC8E164F72997AF246 /* SpinnerPlugin.h */ = {isa = PBXFileReference; name = "SpinnerPlugin.h"; path = "it.mobimentum.phonegapspinnerplugin/SpinnerPlugin.h"; sourceTree = "<group>"; fileEncoding = 4; lastKnownFileType = sourcecode.c.h; explicitFileType = undefined; includeInIndex = 0; };
		C70EC747F7CE4BF1B4B3CCAC /* AppDelegate+notification.m */ = {isa = PBXFileReference; name = "AppDelegate+notification.m"; path = "phonegap-plugin-push/AppDelegate+notification.m"; sourceTree = "<group>"; fileEncoding = 4; lastKnownFileType = sourcecode.c.objc; explicitFileType = undefined; includeInIndex = 0; };
		5F345CD5DCCC4DC5B1879D4E /* PushPlugin.m */ = {isa = PBXFileReference; name = "PushPlugin.m"; path = "phonegap-plugin-push/PushPlugin.m"; sourceTree = "<group>"; fileEncoding = 4; lastKnownFileType = sourcecode.c.objc; explicitFileType = undefined; includeInIndex = 0; };
		C549581D4044486F8333DC85 /* libGGLCloudMessaging.a */ = {isa = PBXFileReference; name = "libGGLCloudMessaging.a"; path = "UTP Preguntados/Plugins/phonegap-plugin-push/GCM/Libraries/libGGLCloudMessaging.a"; sourceTree = "<group>"; fileEncoding = undefined; lastKnownFileType = archive.ar; explicitFileType = undefined; includeInIndex = 0; };
		11E8989FAE7147A481E17D81 /* libGGLCore.a */ = {isa = PBXFileReference; name = "libGGLCore.a"; path = "UTP Preguntados/Plugins/phonegap-plugin-push/GCM/Libraries/libGGLCore.a"; sourceTree = "<group>"; fileEncoding = undefined; lastKnownFileType = archive.ar; explicitFileType = undefined; includeInIndex = 0; };
		775C3F073C714D208A58F536 /* libGGLInstanceIDLib.a */ = {isa = PBXFileReference; name = "libGGLInstanceIDLib.a"; path = "UTP Preguntados/Plugins/phonegap-plugin-push/GCM/Libraries/libGGLInstanceIDLib.a"; sourceTree = "<group>"; fileEncoding = undefined; lastKnownFileType = archive.ar; explicitFileType = undefined; includeInIndex = 0; };
		712EB1AF5D4A4A46AEE75FD2 /* libGIP_Reachability.a */ = {isa = PBXFileReference; name = "libGIP_Reachability.a"; path = "UTP Preguntados/Plugins/phonegap-plugin-push/GCM/Libraries/libGIP_Reachability.a"; sourceTree = "<group>"; fileEncoding = undefined; lastKnownFileType = archive.ar; explicitFileType = undefined; includeInIndex = 0; };
		2DA2E7460E1F4767985D086D /* libGSDK_Overload.a */ = {isa = PBXFileReference; name = "libGSDK_Overload.a"; path = "UTP Preguntados/Plugins/phonegap-plugin-push/GCM/Libraries/libGSDK_Overload.a"; sourceTree = "<group>"; fileEncoding = undefined; lastKnownFileType = archive.ar; explicitFileType = undefined; includeInIndex = 0; };
		CAA2F76445574CEF879219EC /* libGTMSessionFetcher_core.a */ = {isa = PBXFileReference; name = "libGTMSessionFetcher_core.a"; path = "UTP Preguntados/Plugins/phonegap-plugin-push/GCM/Libraries/libGTMSessionFetcher_core.a"; sourceTree = "<group>"; fileEncoding = undefined; lastKnownFileType = archive.ar; explicitFileType = undefined; includeInIndex = 0; };
		5627F74C46134A64B22CFFD5 /* libGTMSessionFetcher_full.a */ = {isa = PBXFileReference; name = "libGTMSessionFetcher_full.a"; path = "UTP Preguntados/Plugins/phonegap-plugin-push/GCM/Libraries/libGTMSessionFetcher_full.a"; sourceTree = "<group>"; fileEncoding = undefined; lastKnownFileType = archive.ar; explicitFileType = undefined; includeInIndex = 0; };
		78A5587684FD4C58BB114FCE /* libGTMStackTrace.a */ = {isa = PBXFileReference; name = "libGTMStackTrace.a"; path = "UTP Preguntados/Plugins/phonegap-plugin-push/GCM/Libraries/libGTMStackTrace.a"; sourceTree = "<group>"; fileEncoding = undefined; lastKnownFileType = archive.ar; explicitFileType = undefined; includeInIndex = 0; };
		F607251D75564136B07E555B /* libGTM_AddressBook.a */ = {isa = PBXFileReference; name = "libGTM_AddressBook.a"; path = "UTP Preguntados/Plugins/phonegap-plugin-push/GCM/Libraries/libGTM_AddressBook.a"; sourceTree = "<group>"; fileEncoding = undefined; lastKnownFileType = archive.ar; explicitFileType = undefined; includeInIndex = 0; };
		0DB76C2554E04392A13D2E86 /* libGTM_DebugUtils.a */ = {isa = PBXFileReference; name = "libGTM_DebugUtils.a"; path = "UTP Preguntados/Plugins/phonegap-plugin-push/GCM/Libraries/libGTM_DebugUtils.a"; sourceTree = "<group>"; fileEncoding = undefined; lastKnownFileType = archive.ar; explicitFileType = undefined; includeInIndex = 0; };
		6268FF6432674A8496E206BF /* libGTM_GTMURLBuilder.a */ = {isa = PBXFileReference; name = "libGTM_GTMURLBuilder.a"; path = "UTP Preguntados/Plugins/phonegap-plugin-push/GCM/Libraries/libGTM_GTMURLBuilder.a"; sourceTree = "<group>"; fileEncoding = undefined; lastKnownFileType = archive.ar; explicitFileType = undefined; includeInIndex = 0; };
		7BA799A1F1544C0DB8F5D451 /* libGTM_KVO.a */ = {isa = PBXFileReference; name = "libGTM_KVO.a"; path = "UTP Preguntados/Plugins/phonegap-plugin-push/GCM/Libraries/libGTM_KVO.a"; sourceTree = "<group>"; fileEncoding = undefined; lastKnownFileType = archive.ar; explicitFileType = undefined; includeInIndex = 0; };
		A344AAC3676B40498806638E /* libGTM_NSData+zlib.a */ = {isa = PBXFileReference; name = "libGTM_NSData+zlib.a"; path = "UTP Preguntados/Plugins/phonegap-plugin-push/GCM/Libraries/libGTM_NSData+zlib.a"; sourceTree = "<group>"; fileEncoding = undefined; lastKnownFileType = archive.ar; explicitFileType = undefined; includeInIndex = 0; };
		D35619FD8E28499598F3D626 /* libGTM_NSDictionary+URLArguments.a */ = {isa = PBXFileReference; name = "libGTM_NSDictionary+URLArguments.a"; path = "UTP Preguntados/Plugins/phonegap-plugin-push/GCM/Libraries/libGTM_NSDictionary+URLArguments.a"; sourceTree = "<group>"; fileEncoding = undefined; lastKnownFileType = archive.ar; explicitFileType = undefined; includeInIndex = 0; };
		DF451A2C6EEC427EB8F185B2 /* libGTM_NSScannerJSON.a */ = {isa = PBXFileReference; name = "libGTM_NSScannerJSON.a"; path = "UTP Preguntados/Plugins/phonegap-plugin-push/GCM/Libraries/libGTM_NSScannerJSON.a"; sourceTree = "<group>"; fileEncoding = undefined; lastKnownFileType = archive.ar; explicitFileType = undefined; includeInIndex = 0; };
		78193F1B98404151915AEC7B /* libGTM_NSStringHTML.a */ = {isa = PBXFileReference; name = "libGTM_NSStringHTML.a"; path = "UTP Preguntados/Plugins/phonegap-plugin-push/GCM/Libraries/libGTM_NSStringHTML.a"; sourceTree = "<group>"; fileEncoding = undefined; lastKnownFileType = archive.ar; explicitFileType = undefined; includeInIndex = 0; };
		6609732B831E4AB28D4E6DC7 /* libGTM_NSStringXML.a */ = {isa = PBXFileReference; name = "libGTM_NSStringXML.a"; path = "UTP Preguntados/Plugins/phonegap-plugin-push/GCM/Libraries/libGTM_NSStringXML.a"; sourceTree = "<group>"; fileEncoding = undefined; lastKnownFileType = archive.ar; explicitFileType = undefined; includeInIndex = 0; };
		EEA6F85ADE5445A78CB7CA88 /* libGTM_Regex.a */ = {isa = PBXFileReference; name = "libGTM_Regex.a"; path = "UTP Preguntados/Plugins/phonegap-plugin-push/GCM/Libraries/libGTM_Regex.a"; sourceTree = "<group>"; fileEncoding = undefined; lastKnownFileType = archive.ar; explicitFileType = undefined; includeInIndex = 0; };
		FFDBD113FD5740ED94E3D392 /* libGTM_RoundedRectPath.a */ = {isa = PBXFileReference; name = "libGTM_RoundedRectPath.a"; path = "UTP Preguntados/Plugins/phonegap-plugin-push/GCM/Libraries/libGTM_RoundedRectPath.a"; sourceTree = "<group>"; fileEncoding = undefined; lastKnownFileType = archive.ar; explicitFileType = undefined; includeInIndex = 0; };
		7C0E2351E2B14F798A2BE595 /* libGTM_StringEncoding.a */ = {isa = PBXFileReference; name = "libGTM_StringEncoding.a"; path = "UTP Preguntados/Plugins/phonegap-plugin-push/GCM/Libraries/libGTM_StringEncoding.a"; sourceTree = "<group>"; fileEncoding = undefined; lastKnownFileType = archive.ar; explicitFileType = undefined; includeInIndex = 0; };
		835A5475859544B9B5436108 /* libGTM_SystemVersion.a */ = {isa = PBXFileReference; name = "libGTM_SystemVersion.a"; path = "UTP Preguntados/Plugins/phonegap-plugin-push/GCM/Libraries/libGTM_SystemVersion.a"; sourceTree = "<group>"; fileEncoding = undefined; lastKnownFileType = archive.ar; explicitFileType = undefined; includeInIndex = 0; };
		F028F6A233604FC5B57A5AD6 /* libGTM_UIFont+LineHeight.a */ = {isa = PBXFileReference; name = "libGTM_UIFont+LineHeight.a"; path = "UTP Preguntados/Plugins/phonegap-plugin-push/GCM/Libraries/libGTM_UIFont+LineHeight.a"; sourceTree = "<group>"; fileEncoding = undefined; lastKnownFileType = archive.ar; explicitFileType = undefined; includeInIndex = 0; };
		3286B6524F07450CA833562C /* libGTM_core.a */ = {isa = PBXFileReference; name = "libGTM_core.a"; path = "UTP Preguntados/Plugins/phonegap-plugin-push/GCM/Libraries/libGTM_core.a"; sourceTree = "<group>"; fileEncoding = undefined; lastKnownFileType = archive.ar; explicitFileType = undefined; includeInIndex = 0; };
		464737338046483B91281582 /* libGTM_iPhone.a */ = {isa = PBXFileReference; name = "libGTM_iPhone.a"; path = "UTP Preguntados/Plugins/phonegap-plugin-push/GCM/Libraries/libGTM_iPhone.a"; sourceTree = "<group>"; fileEncoding = undefined; lastKnownFileType = archive.ar; explicitFileType = undefined; includeInIndex = 0; };
		57DA1F7A1B0742A59A43E8EF /* libGcmLib.a */ = {isa = PBXFileReference; name = "libGcmLib.a"; path = "UTP Preguntados/Plugins/phonegap-plugin-push/GCM/Libraries/libGcmLib.a"; sourceTree = "<group>"; fileEncoding = undefined; lastKnownFileType = archive.ar; explicitFileType = undefined; includeInIndex = 0; };
		C8D5F4B0B66949E0907B1809 /* libProtocolBuffers.a */ = {isa = PBXFileReference; name = "libProtocolBuffers.a"; path = "UTP Preguntados/Plugins/phonegap-plugin-push/GCM/Libraries/libProtocolBuffers.a"; sourceTree = "<group>"; fileEncoding = undefined; lastKnownFileType = archive.ar; explicitFileType = undefined; includeInIndex = 0; };
		A786908511E94477B656BDF2 /* AppDelegate+notification.h */ = {isa = PBXFileReference; name = "AppDelegate+notification.h"; path = "phonegap-plugin-push/AppDelegate+notification.h"; sourceTree = "<group>"; fileEncoding = 4; lastKnownFileType = sourcecode.c.h; explicitFileType = undefined; includeInIndex = 0; };
		AFCF61E2BD77492095CBFE53 /* PushPlugin.h */ = {isa = PBXFileReference; name = "PushPlugin.h"; path = "phonegap-plugin-push/PushPlugin.h"; sourceTree = "<group>"; fileEncoding = 4; lastKnownFileType = sourcecode.c.h; explicitFileType = undefined; includeInIndex = 0; };
		A189FB3F5F88458B83431FE6 /* GGLInstanceID.h */ = {isa = PBXFileReference; name = "GGLInstanceID.h"; path = "phonegap-plugin-push/GCM/Headers/GGLInstanceID.h"; sourceTree = "<group>"; fileEncoding = 4; lastKnownFileType = sourcecode.c.h; explicitFileType = undefined; includeInIndex = 0; };
		7256D52FDEC542DA80D6D58C /* GGLInstanceIDConfig.h */ = {isa = PBXFileReference; name = "GGLInstanceIDConfig.h"; path = "phonegap-plugin-push/GCM/Headers/GGLInstanceIDConfig.h"; sourceTree = "<group>"; fileEncoding = 4; lastKnownFileType = sourcecode.c.h; explicitFileType = undefined; includeInIndex = 0; };
		F598EB63151C41119EF0CF93 /* GGLInstanceIDDelegate.h */ = {isa = PBXFileReference; name = "GGLInstanceIDDelegate.h"; path = "phonegap-plugin-push/GCM/Headers/GGLInstanceIDDelegate.h"; sourceTree = "<group>"; fileEncoding = 4; lastKnownFileType = sourcecode.c.h; explicitFileType = undefined; includeInIndex = 0; };
		7CE8D17AB42247B7A4AF54D2 /* GGLInstanceIDHeaders.h */ = {isa = PBXFileReference; name = "GGLInstanceIDHeaders.h"; path = "phonegap-plugin-push/GCM/Headers/GGLInstanceIDHeaders.h"; sourceTree = "<group>"; fileEncoding = 4; lastKnownFileType = sourcecode.c.h; explicitFileType = undefined; includeInIndex = 0; };
		13464CE245E74EA682E2250E /* CloudMessaging.h */ = {isa = PBXFileReference; name = "CloudMessaging.h"; path = "phonegap-plugin-push/GCM/Headers/CloudMessaging.h"; sourceTree = "<group>"; fileEncoding = 4; lastKnownFileType = sourcecode.c.h; explicitFileType = undefined; includeInIndex = 0; };
		1BE1DBAE46EB4354B79EA201 /* GGLContext+CloudMessaging.h */ = {isa = PBXFileReference; name = "GGLContext+CloudMessaging.h"; path = "phonegap-plugin-push/GCM/Headers/GGLContext+CloudMessaging.h"; sourceTree = "<group>"; fileEncoding = 4; lastKnownFileType = sourcecode.c.h; explicitFileType = undefined; includeInIndex = 0; };
		03543E3174454503A318C2E5 /* Core.h */ = {isa = PBXFileReference; name = "Core.h"; path = "phonegap-plugin-push/GCM/Headers/Core.h"; sourceTree = "<group>"; fileEncoding = 4; lastKnownFileType = sourcecode.c.h; explicitFileType = undefined; includeInIndex = 0; };
		104246F3F97A4397A8744F4D /* GGLConfiguration.h */ = {isa = PBXFileReference; name = "GGLConfiguration.h"; path = "phonegap-plugin-push/GCM/Headers/GGLConfiguration.h"; sourceTree = "<group>"; fileEncoding = 4; lastKnownFileType = sourcecode.c.h; explicitFileType = undefined; includeInIndex = 0; };
		BFBE19179459413A9120A6F4 /* GGLContext.h */ = {isa = PBXFileReference; name = "GGLContext.h"; path = "phonegap-plugin-push/GCM/Headers/GGLContext.h"; sourceTree = "<group>"; fileEncoding = 4; lastKnownFileType = sourcecode.c.h; explicitFileType = undefined; includeInIndex = 0; };
		3C9DC6C870B349F49CE969CE /* GGLErrorCode.h */ = {isa = PBXFileReference; name = "GGLErrorCode.h"; path = "phonegap-plugin-push/GCM/Headers/GGLErrorCode.h"; sourceTree = "<group>"; fileEncoding = 4; lastKnownFileType = sourcecode.c.h; explicitFileType = undefined; includeInIndex = 0; };
		4EE7E2F6991B4A4A9C0C58D8 /* GCMConfig.h */ = {isa = PBXFileReference; name = "GCMConfig.h"; path = "phonegap-plugin-push/GCM/Headers/GCMConfig.h"; sourceTree = "<group>"; fileEncoding = 4; lastKnownFileType = sourcecode.c.h; explicitFileType = undefined; includeInIndex = 0; };
		8B821A22881A46B1B55F3F7F /* GCMPubSub.h */ = {isa = PBXFileReference; name = "GCMPubSub.h"; path = "phonegap-plugin-push/GCM/Headers/GCMPubSub.h"; sourceTree = "<group>"; fileEncoding = 4; lastKnownFileType = sourcecode.c.h; explicitFileType = undefined; includeInIndex = 0; };
		4AE5AD3559FF452D954C31D1 /* GCMReceiverDelegate.h */ = {isa = PBXFileReference; name = "GCMReceiverDelegate.h"; path = "phonegap-plugin-push/GCM/Headers/GCMReceiverDelegate.h"; sourceTree = "<group>"; fileEncoding = 4; lastKnownFileType = sourcecode.c.h; explicitFileType = undefined; includeInIndex = 0; };
		F5A0773A16F74A91AAA7121E /* GCMService.h */ = {isa = PBXFileReference; name = "GCMService.h"; path = "phonegap-plugin-push/GCM/Headers/GCMService.h"; sourceTree = "<group>"; fileEncoding = 4; lastKnownFileType = sourcecode.c.h; explicitFileType = undefined; includeInIndex = 0; };
		57A6AE2C72DF4989A19CAA8A /* GoogleCloudMessaging.h */ = {isa = PBXFileReference; name = "GoogleCloudMessaging.h"; path = "phonegap-plugin-push/GCM/Headers/GoogleCloudMessaging.h"; sourceTree = "<group>"; fileEncoding = 4; lastKnownFileType = sourcecode.c.h; explicitFileType = undefined; includeInIndex = 0; };
		8701681559504CC0902059AC /* AddressBook.framework */ = {isa = PBXFileReference; name = "AddressBook.framework"; path = "System/Library/Frameworks/AddressBook.framework"; sourceTree = SDKROOT; fileEncoding = undefined; lastKnownFileType = wrapper.framework; explicitFileType = undefined; includeInIndex = 0; };
		2BB46AF020AC47558A56C62B /* libsqlite3.tbd */ = {isa = PBXFileReference; name = "libsqlite3.tbd"; path = "usr/lib/libsqlite3.tbd"; sourceTree = SDKROOT; fileEncoding = undefined; lastKnownFileType = sourcecode.text-based-dylib-definition; explicitFileType = undefined; includeInIndex = 0; };
		11013C9E1D44433181117313 /* libz.tbd */ = {isa = PBXFileReference; name = "libz.tbd"; path = "usr/lib/libz.tbd"; sourceTree = SDKROOT; fileEncoding = undefined; lastKnownFileType = sourcecode.text-based-dylib-definition; explicitFileType = undefined; includeInIndex = 0; };
		EF87379191F64B5CB77B0AE5 /* SQLitePlugin.m */ = {isa = PBXFileReference; name = "SQLitePlugin.m"; path = "cordova-sqlite-storage/SQLitePlugin.m"; sourceTree = "<group>"; fileEncoding = 4; lastKnownFileType = sourcecode.c.objc; explicitFileType = undefined; includeInIndex = 0; };
		97D7D4CA3D144D92BCE2CA30 /* sqlite3.c */ = {isa = PBXFileReference; name = "sqlite3.c"; path = "cordova-sqlite-storage/sqlite3.c"; sourceTree = "<group>"; fileEncoding = undefined; lastKnownFileType = unknown; explicitFileType = undefined; includeInIndex = 0; };
		6A276182EE29494B86159A0A /* SQLitePlugin.h */ = {isa = PBXFileReference; name = "SQLitePlugin.h"; path = "cordova-sqlite-storage/SQLitePlugin.h"; sourceTree = "<group>"; fileEncoding = 4; lastKnownFileType = sourcecode.c.h; explicitFileType = undefined; includeInIndex = 0; };
		D94A24BF95934905A428D856 /* sqlite3.h */ = {isa = PBXFileReference; name = "sqlite3.h"; path = "cordova-sqlite-storage/sqlite3.h"; sourceTree = "<group>"; fileEncoding = 4; lastKnownFileType = sourcecode.c.h; explicitFileType = undefined; includeInIndex = 0; };
		58964A5E9D854A5BB7921BAA /* CDVNotification.m */ = {isa = PBXFileReference; name = "CDVNotification.m"; path = "cordova-plugin-dialogs/CDVNotification.m"; sourceTree = "<group>"; fileEncoding = 4; lastKnownFileType = sourcecode.c.objc; explicitFileType = undefined; includeInIndex = 0; };
		E66D0263B81445FDA3927023 /* CDVNotification.h */ = {isa = PBXFileReference; name = "CDVNotification.h"; path = "cordova-plugin-dialogs/CDVNotification.h"; sourceTree = "<group>"; fileEncoding = 4; lastKnownFileType = sourcecode.c.h; explicitFileType = undefined; includeInIndex = 0; };
		36A23CFF7F54402C903AE4D0 /* CDVNotification.bundle */ = {isa = PBXFileReference; name = "CDVNotification.bundle"; path = "CDVNotification.bundle"; sourceTree = "<group>"; fileEncoding = undefined; lastKnownFileType = wrapper.plug-in; explicitFileType = undefined; includeInIndex = 0; };
		C3F4906FC3704DA48C50D537 /* AudioToolbox.framework */ = {isa = PBXFileReference; name = "AudioToolbox.framework"; path = "System/Library/Frameworks/AudioToolbox.framework"; sourceTree = SDKROOT; fileEncoding = undefined; lastKnownFileType = wrapper.framework; explicitFileType = undefined; includeInIndex = 0; };
/* End PBXFileReference section */

/* Begin PBXFrameworksBuildPhase section */
		1D60588F0D05DD3D006BFB54 /* Frameworks */ = {
			isa = PBXFrameworksBuildPhase;
			buildActionMask = 2147483647;
			files = (
				301BF552109A68D80062928A /* libCordova.a in Frameworks */,
				FD6463F3A0484369B063A683 /* libGGLCloudMessaging.a in Frameworks */,
				57897B1070A4476DB258F18E /* libGGLCore.a in Frameworks */,
				065BC48F6F5640EDBB8F1B4F /* libGGLInstanceIDLib.a in Frameworks */,
				C4E3CEAC0DF649F381329B1C /* libGIP_Reachability.a in Frameworks */,
				4AC1F77370E34CB7AFA8725A /* libGSDK_Overload.a in Frameworks */,
				48E820C380A44896A9668447 /* libGTMSessionFetcher_core.a in Frameworks */,
				597EE1C68C5E4C45B57DDE96 /* libGTMSessionFetcher_full.a in Frameworks */,
				254A8DC3368D4E1A83859B27 /* libGTMStackTrace.a in Frameworks */,
				F0F1862DE55A479C9EF59870 /* libGTM_AddressBook.a in Frameworks */,
				B47A609F0C844D3F973A22A7 /* libGTM_DebugUtils.a in Frameworks */,
				BDE5220A86794D9589ADE8E1 /* libGTM_GTMURLBuilder.a in Frameworks */,
				66838AE350264D93B14744A9 /* libGTM_KVO.a in Frameworks */,
				2551CD7ABD854DAA97D58681 /* libGTM_NSData+zlib.a in Frameworks */,
				7D47FA6F09C5419B866EA253 /* libGTM_NSDictionary+URLArguments.a in Frameworks */,
				9FDE6EB12CE540D0BE2D2463 /* libGTM_NSScannerJSON.a in Frameworks */,
				CC1BFEBB85BF48EAB8E1F957 /* libGTM_NSStringHTML.a in Frameworks */,
				CFCB8AB49BBA434FBDBD5E9B /* libGTM_NSStringXML.a in Frameworks */,
				48F32DC4B38945D498CBA70A /* libGTM_Regex.a in Frameworks */,
				AB4DADC150744114B2631431 /* libGTM_RoundedRectPath.a in Frameworks */,
				D454D79BB40F4EF6A0FE8EE4 /* libGTM_StringEncoding.a in Frameworks */,
				AD978B955D244231A106ABB0 /* libGTM_SystemVersion.a in Frameworks */,
				42267A17F3474586B7D6D8BB /* libGTM_UIFont+LineHeight.a in Frameworks */,
				BAB653F001464D0E836BAA57 /* libGTM_core.a in Frameworks */,
				C3C84FD6C28249B8931AFA2B /* libGTM_iPhone.a in Frameworks */,
				D203E427FEE24816BFB9069A /* libGcmLib.a in Frameworks */,
				255AE69E53FA4F2E8AB1031C /* libProtocolBuffers.a in Frameworks */,
				C279CE9147E741EDACD4E167 /* AddressBook.framework in Frameworks */,
				D164D6E6031C42A78279AD90 /* libsqlite3.tbd in Frameworks */,
				D7DF94FBD5A242AEB300FBCC /* libz.tbd in Frameworks */,
				221DC55D0941449881ECECB4 /* AudioToolbox.framework in Frameworks */,
			);
			runOnlyForDeploymentPostprocessing = 0;
		};
/* End PBXFrameworksBuildPhase section */

/* Begin PBXGroup section */
		080E96DDFE201D6D7F000001 /* Classes */ = {
			isa = PBXGroup;
			children = (
				302D95EE14D2391D003F00A1 /* MainViewController.h */,
				302D95EF14D2391D003F00A1 /* MainViewController.m */,
				302D95F014D2391D003F00A1 /* MainViewController.xib */,
				1D3623240D0F684500981E51 /* AppDelegate.h */,
				1D3623250D0F684500981E51 /* AppDelegate.m */,
			);
			name = Classes;
			path = "UTP Preguntados/Classes";
			sourceTree = SOURCE_ROOT;
		};
		19C28FACFE9D520D11CA2CBB /* Products */ = {
			isa = PBXGroup;
			children = (
				1D6058910D05DD3D006BFB54 /* UTP Preguntados.app */,
			);
			name = Products;
			sourceTree = "<group>";
		};
		29B97314FDCFA39411CA2CEA /* CustomTemplate */ = {
			isa = PBXGroup;
			children = (
				EB87FDF41871DAF40020F90C /* config.xml */,
				EB87FDF31871DA8E0020F90C /* www */,
				EB87FDF11871DA420020F90C /* Staging */,
				301BF52D109A57CC0062928A /* CordovaLib.xcodeproj */,
				080E96DDFE201D6D7F000001 /* Classes */,
				307C750510C5A3420062BCA9 /* Plugins */,
				29B97315FDCFA39411CA2CEA /* Other Sources */,
				29B97317FDCFA39411CA2CEA /* Resources */,
				29B97323FDCFA39411CA2CEA /* Frameworks */,
				19C28FACFE9D520D11CA2CBB /* Products */,
			);
			name = CustomTemplate;
			sourceTree = "<group>";
		};
		29B97315FDCFA39411CA2CEA /* Other Sources */ = {
			isa = PBXGroup;
			children = (
				32CA4F630368D1EE00C91783 /* UTP Preguntados-Prefix.pch */,
				29B97316FDCFA39411CA2CEA /* main.m */,
				ED33DF2A687741AEAF9F8254 /* Bridging-Header.h */,
			);
			name = "Other Sources";
			path = "UTP Preguntados";
			sourceTree = "<group>";
		};
		29B97317FDCFA39411CA2CEA /* Resources */ = {
			isa = PBXGroup;
			children = (
				0207DA571B56EA530066E2B4 /* Images.xcassets */,
				3047A50E1AB8057F00498E2A /* config */,
				8D1107310486CEB800E47090 /* UTP Preguntados-Info.plist */,
				36A23CFF7F54402C903AE4D0 /* CDVNotification.bundle */,
			);
			name = Resources;
			path = "UTP Preguntados/Resources";
			sourceTree = "<group>";
		};
		29B97323FDCFA39411CA2CEA /* Frameworks */ = {
			isa = PBXGroup;
			children = (
				C549581D4044486F8333DC85 /* libGGLCloudMessaging.a */,
				11E8989FAE7147A481E17D81 /* libGGLCore.a */,
				775C3F073C714D208A58F536 /* libGGLInstanceIDLib.a */,
				712EB1AF5D4A4A46AEE75FD2 /* libGIP_Reachability.a */,
				2DA2E7460E1F4767985D086D /* libGSDK_Overload.a */,
				CAA2F76445574CEF879219EC /* libGTMSessionFetcher_core.a */,
				5627F74C46134A64B22CFFD5 /* libGTMSessionFetcher_full.a */,
				78A5587684FD4C58BB114FCE /* libGTMStackTrace.a */,
				F607251D75564136B07E555B /* libGTM_AddressBook.a */,
				0DB76C2554E04392A13D2E86 /* libGTM_DebugUtils.a */,
				6268FF6432674A8496E206BF /* libGTM_GTMURLBuilder.a */,
				7BA799A1F1544C0DB8F5D451 /* libGTM_KVO.a */,
				A344AAC3676B40498806638E /* libGTM_NSData+zlib.a */,
				D35619FD8E28499598F3D626 /* libGTM_NSDictionary+URLArguments.a */,
				DF451A2C6EEC427EB8F185B2 /* libGTM_NSScannerJSON.a */,
				78193F1B98404151915AEC7B /* libGTM_NSStringHTML.a */,
				6609732B831E4AB28D4E6DC7 /* libGTM_NSStringXML.a */,
				EEA6F85ADE5445A78CB7CA88 /* libGTM_Regex.a */,
				FFDBD113FD5740ED94E3D392 /* libGTM_RoundedRectPath.a */,
				7C0E2351E2B14F798A2BE595 /* libGTM_StringEncoding.a */,
				835A5475859544B9B5436108 /* libGTM_SystemVersion.a */,
				F028F6A233604FC5B57A5AD6 /* libGTM_UIFont+LineHeight.a */,
				3286B6524F07450CA833562C /* libGTM_core.a */,
				464737338046483B91281582 /* libGTM_iPhone.a */,
				57DA1F7A1B0742A59A43E8EF /* libGcmLib.a */,
				C8D5F4B0B66949E0907B1809 /* libProtocolBuffers.a */,
				8701681559504CC0902059AC /* AddressBook.framework */,
				2BB46AF020AC47558A56C62B /* libsqlite3.tbd */,
				11013C9E1D44433181117313 /* libz.tbd */,
				C3F4906FC3704DA48C50D537 /* AudioToolbox.framework */,
			);
			name = Frameworks;
			sourceTree = "<group>";
		};
		301BF52E109A57CC0062928A /* Products */ = {
			isa = PBXGroup;
			children = (
				301BF535109A57CC0062928A /* libCordova.a */,
			);
			name = Products;
			sourceTree = "<group>";
		};
		3047A50E1AB8057F00498E2A /* config */ = {
			isa = PBXGroup;
			children = (
				3047A50F1AB8059700498E2A /* build-debug.xcconfig */,
				3047A5101AB8059700498E2A /* build-release.xcconfig */,
				3047A5111AB8059700498E2A /* build.xcconfig */,
			);
			name = config;
			sourceTree = "<group>";
		};
		307C750510C5A3420062BCA9 /* Plugins */ = {
			isa = PBXGroup;
			children = (
				E580521315A74886B7551ECE /* SpinnerPlugin.m */,
				0B8EE4DC8E164F72997AF246 /* SpinnerPlugin.h */,
				C70EC747F7CE4BF1B4B3CCAC /* AppDelegate+notification.m */,
				5F345CD5DCCC4DC5B1879D4E /* PushPlugin.m */,
				A786908511E94477B656BDF2 /* AppDelegate+notification.h */,
				AFCF61E2BD77492095CBFE53 /* PushPlugin.h */,
				A189FB3F5F88458B83431FE6 /* GGLInstanceID.h */,
				7256D52FDEC542DA80D6D58C /* GGLInstanceIDConfig.h */,
				F598EB63151C41119EF0CF93 /* GGLInstanceIDDelegate.h */,
				7CE8D17AB42247B7A4AF54D2 /* GGLInstanceIDHeaders.h */,
				13464CE245E74EA682E2250E /* CloudMessaging.h */,
				1BE1DBAE46EB4354B79EA201 /* GGLContext+CloudMessaging.h */,
				03543E3174454503A318C2E5 /* Core.h */,
				104246F3F97A4397A8744F4D /* GGLConfiguration.h */,
				BFBE19179459413A9120A6F4 /* GGLContext.h */,
				3C9DC6C870B349F49CE969CE /* GGLErrorCode.h */,
				4EE7E2F6991B4A4A9C0C58D8 /* GCMConfig.h */,
				8B821A22881A46B1B55F3F7F /* GCMPubSub.h */,
				4AE5AD3559FF452D954C31D1 /* GCMReceiverDelegate.h */,
				F5A0773A16F74A91AAA7121E /* GCMService.h */,
				57A6AE2C72DF4989A19CAA8A /* GoogleCloudMessaging.h */,
				EF87379191F64B5CB77B0AE5 /* SQLitePlugin.m */,
				97D7D4CA3D144D92BCE2CA30 /* sqlite3.c */,
				6A276182EE29494B86159A0A /* SQLitePlugin.h */,
				D94A24BF95934905A428D856 /* sqlite3.h */,
				58964A5E9D854A5BB7921BAA /* CDVNotification.m */,
				E66D0263B81445FDA3927023 /* CDVNotification.h */,
			);
			name = Plugins;
			path = "UTP Preguntados/Plugins";
			sourceTree = SOURCE_ROOT;
		};
		EB87FDF11871DA420020F90C /* Staging */ = {
			isa = PBXGroup;
			children = (
				F840E1F0165FE0F500CFE078 /* config.xml */,
				301BF56E109A69640062928A /* www */,
			);
			name = Staging;
			sourceTree = "<group>";
		};
/* End PBXGroup section */

/* Begin PBXNativeTarget section */
		1D6058900D05DD3D006BFB54 /* UTP Preguntados */ = {
			isa = PBXNativeTarget;
			buildConfigurationList = 1D6058960D05DD3E006BFB54 /* Build configuration list for PBXNativeTarget "UTP Preguntados" */;
			buildPhases = (
				304B58A110DAC018002A0835 /* Copy www directory */,
				1D60588D0D05DD3D006BFB54 /* Resources */,
				1D60588E0D05DD3D006BFB54 /* Sources */,
				1D60588F0D05DD3D006BFB54 /* Frameworks */,
			);
			buildRules = (
			);
			dependencies = (
				301BF551109A68C00062928A /* PBXTargetDependency */,
			);
			name = "UTP Preguntados";
			productName = "UTP Preguntados";
			productReference = 1D6058910D05DD3D006BFB54 /* UTP Preguntados.app */;
			productType = "com.apple.product-type.application";
		};
/* End PBXNativeTarget section */

/* Begin PBXProject section */
		29B97313FDCFA39411CA2CEA /* Project object */ = {
			isa = PBXProject;
			attributes = {
				LastUpgradeCheck = 510;
			};
			buildConfigurationList = C01FCF4E08A954540054247B /* Build configuration list for PBXProject "__NON-CLI__" */;
			compatibilityVersion = "Xcode 3.2";
			developmentRegion = English;
			hasScannedForEncodings = 1;
			mainGroup = 29B97314FDCFA39411CA2CEA /* CustomTemplate */;
			projectDirPath = "";
			projectReferences = (
				{
					ProductGroup = 301BF52E109A57CC0062928A /* Products */;
					ProjectRef = 301BF52D109A57CC0062928A /* CordovaLib.xcodeproj */;
				},
			);
			projectRoot = "";
			targets = (
				1D6058900D05DD3D006BFB54 /* UTP Preguntados */,
			);
		};
/* End PBXProject section */

/* Begin PBXReferenceProxy section */
		301BF535109A57CC0062928A /* libCordova.a */ = {
			isa = PBXReferenceProxy;
			fileType = archive.ar;
			path = libCordova.a;
			remoteRef = 301BF534109A57CC0062928A /* PBXContainerItemProxy */;
			sourceTree = BUILT_PRODUCTS_DIR;
		};
/* End PBXReferenceProxy section */

/* Begin PBXResourcesBuildPhase section */
		1D60588D0D05DD3D006BFB54 /* Resources */ = {
			isa = PBXResourcesBuildPhase;
			buildActionMask = 2147483647;
			files = (
				302D95F214D2391D003F00A1 /* MainViewController.xib in Resources */,
				0207DA581B56EA530066E2B4 /* Images.xcassets in Resources */,
				27CE581A253349B7822F840D /* CDVNotification.bundle in Resources */,
			);
			runOnlyForDeploymentPostprocessing = 0;
		};
/* End PBXResourcesBuildPhase section */

/* Begin PBXShellScriptBuildPhase section */
		304B58A110DAC018002A0835 /* Copy www directory */ = {
			isa = PBXShellScriptBuildPhase;
			buildActionMask = 2147483647;
			files = (
			);
			inputPaths = (
			);
			name = "Copy www directory";
			outputPaths = (
			);
			runOnlyForDeploymentPostprocessing = 0;
			shellPath = /bin/sh;
			shellScript = "NODEJS_PATH=/usr/local/bin; NVM_NODE_PATH=~/.nvm/versions/node/`nvm version 2>/dev/null`/bin; N_NODE_PATH=`find /usr/local/n/versions/node/* -maxdepth 0 -type d 2>/dev/null | tail -1`/bin; XCODE_NODE_PATH=`xcode-select --print-path`/usr/share/xcs/Node/bin; PATH=$NODEJS_PATH:$NVM_NODE_PATH:$N_NODE_PATH:$XCODE_NODE_PATH:$PATH && node cordova/lib/copy-www-build-step.js";
			showEnvVarsInLog = 0;
		};
/* End PBXShellScriptBuildPhase section */

/* Begin PBXSourcesBuildPhase section */
		1D60588E0D05DD3D006BFB54 /* Sources */ = {
			isa = PBXSourcesBuildPhase;
			buildActionMask = 2147483647;
			files = (
				1D60589B0D05DD56006BFB54 /* main.m in Sources */,
				1D3623260D0F684500981E51 /* AppDelegate.m in Sources */,
				302D95F114D2391D003F00A1 /* MainViewController.m in Sources */,
				FC2CA6F2740D4500AB477248 /* SpinnerPlugin.m in Sources */,
				F9891F5C5507451181E27932 /* AppDelegate+notification.m in Sources */,
				7C6276C1E676409AB414D23D /* PushPlugin.m in Sources */,
				61C8F959AD2548CA8C773CF9 /* SQLitePlugin.m in Sources */,
				01F4BE21D22E4C139BCC57DB /* sqlite3.c in Resources */,
				DE7CA08BC49B4A62AEFD50A8 /* CDVNotification.m in Sources */,
			);
			runOnlyForDeploymentPostprocessing = 0;
		};
/* End PBXSourcesBuildPhase section */

/* Begin PBXTargetDependency section */
		301BF551109A68C00062928A /* PBXTargetDependency */ = {
			isa = PBXTargetDependency;
			name = CordovaLib;
			targetProxy = 301BF550109A68C00062928A /* PBXContainerItemProxy */;
		};
/* End PBXTargetDependency section */

/* Begin XCBuildConfiguration section */
		1D6058940D05DD3E006BFB54 /* Debug */ = {
			isa = XCBuildConfiguration;
			baseConfigurationReference = 3047A50F1AB8059700498E2A /* build-debug.xcconfig */;
			buildSettings = {
				ALWAYS_SEARCH_USER_PATHS = NO;
				ASSETCATALOG_COMPILER_APPICON_NAME = AppIcon;
				ASSETCATALOG_COMPILER_LAUNCHIMAGE_NAME = LaunchImage;
				CLANG_ENABLE_MODULES = YES;
				CLANG_ENABLE_OBJC_ARC = YES;
				COPY_PHASE_STRIP = NO;
				GCC_DYNAMIC_NO_PIC = NO;
				GCC_OPTIMIZATION_LEVEL = 0;
				GCC_PRECOMPILE_PREFIX_HEADER = YES;
				GCC_PREFIX_HEADER = "UTP Preguntados/UTP Preguntados-Prefix.pch";
				GCC_THUMB_SUPPORT = NO;
				GCC_VERSION = "";
				INFOPLIST_FILE = "UTP Preguntados/UTP Preguntados-Info.plist";
				LD_RUNPATH_SEARCH_PATHS = "@executable_path/Frameworks";
				PRODUCT_NAME = "UTP Preguntados";
				LIBRARY_SEARCH_PATHS = (
					"$(inherited)",
					"\"$(SRCROOT)/UTP Preguntados/Plugins/phonegap-plugin-push/GCM/Libraries\"",
					"\"$(SRCROOT)/UTP Preguntados/Plugins/phonegap-plugin-push/GCM/Libraries\"",
					"\"$(SRCROOT)/UTP Preguntados/Plugins/phonegap-plugin-push/GCM/Libraries\"",
					"\"$(SRCROOT)/UTP Preguntados/Plugins/phonegap-plugin-push/GCM/Libraries\"",
					"\"$(SRCROOT)/UTP Preguntados/Plugins/phonegap-plugin-push/GCM/Libraries\"",
					"\"$(SRCROOT)/UTP Preguntados/Plugins/phonegap-plugin-push/GCM/Libraries\"",
					"\"$(SRCROOT)/UTP Preguntados/Plugins/phonegap-plugin-push/GCM/Libraries\"",
					"\"$(SRCROOT)/UTP Preguntados/Plugins/phonegap-plugin-push/GCM/Libraries\"",
					"\"$(SRCROOT)/UTP Preguntados/Plugins/phonegap-plugin-push/GCM/Libraries\"",
					"\"$(SRCROOT)/UTP Preguntados/Plugins/phonegap-plugin-push/GCM/Libraries\"",
					"\"$(SRCROOT)/UTP Preguntados/Plugins/phonegap-plugin-push/GCM/Libraries\"",
					"\"$(SRCROOT)/UTP Preguntados/Plugins/phonegap-plugin-push/GCM/Libraries\"",
					"\"$(SRCROOT)/UTP Preguntados/Plugins/phonegap-plugin-push/GCM/Libraries\"",
					"\"$(SRCROOT)/UTP Preguntados/Plugins/phonegap-plugin-push/GCM/Libraries\"",
					"\"$(SRCROOT)/UTP Preguntados/Plugins/phonegap-plugin-push/GCM/Libraries\"",
					"\"$(SRCROOT)/UTP Preguntados/Plugins/phonegap-plugin-push/GCM/Libraries\"",
					"\"$(SRCROOT)/UTP Preguntados/Plugins/phonegap-plugin-push/GCM/Libraries\"",
					"\"$(SRCROOT)/UTP Preguntados/Plugins/phonegap-plugin-push/GCM/Libraries\"",
					"\"$(SRCROOT)/UTP Preguntados/Plugins/phonegap-plugin-push/GCM/Libraries\"",
					"\"$(SRCROOT)/UTP Preguntados/Plugins/phonegap-plugin-push/GCM/Libraries\"",
					"\"$(SRCROOT)/UTP Preguntados/Plugins/phonegap-plugin-push/GCM/Libraries\"",
					"\"$(SRCROOT)/UTP Preguntados/Plugins/phonegap-plugin-push/GCM/Libraries\"",
					"\"$(SRCROOT)/UTP Preguntados/Plugins/phonegap-plugin-push/GCM/Libraries\"",
					"\"$(SRCROOT)/UTP Preguntados/Plugins/phonegap-plugin-push/GCM/Libraries\"",
					"\"$(SRCROOT)/UTP Preguntados/Plugins/phonegap-plugin-push/GCM/Libraries\"",
					"\"$(SRCROOT)/UTP Preguntados/Plugins/phonegap-plugin-push/GCM/Libraries\"",
				);
			};
			name = Debug;
		};
		1D6058950D05DD3E006BFB54 /* Release */ = {
			isa = XCBuildConfiguration;
			baseConfigurationReference = 3047A5101AB8059700498E2A /* build-release.xcconfig */;
			buildSettings = {
				ALWAYS_SEARCH_USER_PATHS = NO;
				ASSETCATALOG_COMPILER_APPICON_NAME = AppIcon;
				ASSETCATALOG_COMPILER_LAUNCHIMAGE_NAME = LaunchImage;
				CLANG_ENABLE_MODULES = YES;
				CLANG_ENABLE_OBJC_ARC = YES;
				COPY_PHASE_STRIP = YES;
				GCC_PRECOMPILE_PREFIX_HEADER = YES;
				GCC_PREFIX_HEADER = "UTP Preguntados/UTP Preguntados-Prefix.pch";
				GCC_THUMB_SUPPORT = NO;
				GCC_VERSION = "";
				INFOPLIST_FILE = "UTP Preguntados/UTP Preguntados-Info.plist";
				PRODUCT_NAME = "UTP Preguntados";
				LIBRARY_SEARCH_PATHS = (
					"$(inherited)",
					"\"$(SRCROOT)/UTP Preguntados/Plugins/phonegap-plugin-push/GCM/Libraries\"",
					"\"$(SRCROOT)/UTP Preguntados/Plugins/phonegap-plugin-push/GCM/Libraries\"",
					"\"$(SRCROOT)/UTP Preguntados/Plugins/phonegap-plugin-push/GCM/Libraries\"",
					"\"$(SRCROOT)/UTP Preguntados/Plugins/phonegap-plugin-push/GCM/Libraries\"",
					"\"$(SRCROOT)/UTP Preguntados/Plugins/phonegap-plugin-push/GCM/Libraries\"",
					"\"$(SRCROOT)/UTP Preguntados/Plugins/phonegap-plugin-push/GCM/Libraries\"",
					"\"$(SRCROOT)/UTP Preguntados/Plugins/phonegap-plugin-push/GCM/Libraries\"",
					"\"$(SRCROOT)/UTP Preguntados/Plugins/phonegap-plugin-push/GCM/Libraries\"",
					"\"$(SRCROOT)/UTP Preguntados/Plugins/phonegap-plugin-push/GCM/Libraries\"",
					"\"$(SRCROOT)/UTP Preguntados/Plugins/phonegap-plugin-push/GCM/Libraries\"",
					"\"$(SRCROOT)/UTP Preguntados/Plugins/phonegap-plugin-push/GCM/Libraries\"",
					"\"$(SRCROOT)/UTP Preguntados/Plugins/phonegap-plugin-push/GCM/Libraries\"",
					"\"$(SRCROOT)/UTP Preguntados/Plugins/phonegap-plugin-push/GCM/Libraries\"",
					"\"$(SRCROOT)/UTP Preguntados/Plugins/phonegap-plugin-push/GCM/Libraries\"",
					"\"$(SRCROOT)/UTP Preguntados/Plugins/phonegap-plugin-push/GCM/Libraries\"",
					"\"$(SRCROOT)/UTP Preguntados/Plugins/phonegap-plugin-push/GCM/Libraries\"",
					"\"$(SRCROOT)/UTP Preguntados/Plugins/phonegap-plugin-push/GCM/Libraries\"",
					"\"$(SRCROOT)/UTP Preguntados/Plugins/phonegap-plugin-push/GCM/Libraries\"",
					"\"$(SRCROOT)/UTP Preguntados/Plugins/phonegap-plugin-push/GCM/Libraries\"",
					"\"$(SRCROOT)/UTP Preguntados/Plugins/phonegap-plugin-push/GCM/Libraries\"",
					"\"$(SRCROOT)/UTP Preguntados/Plugins/phonegap-plugin-push/GCM/Libraries\"",
					"\"$(SRCROOT)/UTP Preguntados/Plugins/phonegap-plugin-push/GCM/Libraries\"",
					"\"$(SRCROOT)/UTP Preguntados/Plugins/phonegap-plugin-push/GCM/Libraries\"",
					"\"$(SRCROOT)/UTP Preguntados/Plugins/phonegap-plugin-push/GCM/Libraries\"",
					"\"$(SRCROOT)/UTP Preguntados/Plugins/phonegap-plugin-push/GCM/Libraries\"",
					"\"$(SRCROOT)/UTP Preguntados/Plugins/phonegap-plugin-push/GCM/Libraries\"",
				);
			};
			name = Release;
		};
		C01FCF4F08A954540054247B /* Debug */ = {
			isa = XCBuildConfiguration;
			baseConfigurationReference = 3047A5111AB8059700498E2A /* build.xcconfig */;
			buildSettings = {
				CLANG_ENABLE_MODULES = YES;
				CLANG_ENABLE_OBJC_ARC = YES;
				CLANG_WARN_BOOL_CONVERSION = YES;
				CLANG_WARN_CONSTANT_CONVERSION = YES;
				CLANG_WARN_EMPTY_BODY = YES;
				CLANG_WARN_ENUM_CONVERSION = YES;
				CLANG_WARN_INT_CONVERSION = YES;
				CLANG_WARN__DUPLICATE_METHOD_MATCH = YES;
				GCC_C_LANGUAGE_STANDARD = c99;
				GCC_THUMB_SUPPORT = NO;
				GCC_VERSION = "";
				GCC_WARN_ABOUT_RETURN_TYPE = YES;
				GCC_WARN_UNDECLARED_SELECTOR = YES;
				GCC_WARN_UNINITIALIZED_AUTOS = YES;
				GCC_WARN_UNUSED_FUNCTION = YES;
				GCC_WARN_UNUSED_VARIABLE = YES;
				ONLY_ACTIVE_ARCH = YES;
				SDKROOT = iphoneos;
				SKIP_INSTALL = NO;
			};
			name = Debug;
		};
		C01FCF5008A954540054247B /* Release */ = {
			isa = XCBuildConfiguration;
			baseConfigurationReference = 3047A5111AB8059700498E2A /* build.xcconfig */;
			buildSettings = {
				CLANG_ENABLE_MODULES = YES;
				CLANG_ENABLE_OBJC_ARC = YES;
				CLANG_WARN_BOOL_CONVERSION = YES;
				CLANG_WARN_CONSTANT_CONVERSION = YES;
				CLANG_WARN_EMPTY_BODY = YES;
				CLANG_WARN_ENUM_CONVERSION = YES;
				CLANG_WARN_INT_CONVERSION = YES;
				CLANG_WARN__DUPLICATE_METHOD_MATCH = YES;
				GCC_C_LANGUAGE_STANDARD = c99;
				GCC_THUMB_SUPPORT = NO;
				GCC_VERSION = "";
				GCC_WARN_ABOUT_RETURN_TYPE = YES;
				GCC_WARN_UNDECLARED_SELECTOR = YES;
				GCC_WARN_UNINITIALIZED_AUTOS = YES;
				GCC_WARN_UNUSED_FUNCTION = YES;
				GCC_WARN_UNUSED_VARIABLE = YES;
				SDKROOT = iphoneos;
				SKIP_INSTALL = NO;
			};
			name = Release;
		};
/* End XCBuildConfiguration section */

/* Begin XCConfigurationList section */
		1D6058960D05DD3E006BFB54 /* Build configuration list for PBXNativeTarget "UTP Preguntados" */ = {
			isa = XCConfigurationList;
			buildConfigurations = (
				1D6058940D05DD3E006BFB54 /* Debug */,
				1D6058950D05DD3E006BFB54 /* Release */,
			);
			defaultConfigurationIsVisible = 0;
			defaultConfigurationName = Release;
		};
		C01FCF4E08A954540054247B /* Build configuration list for PBXProject "__NON-CLI__" */ = {
			isa = XCConfigurationList;
			buildConfigurations = (
				C01FCF4F08A954540054247B /* Debug */,
				C01FCF5008A954540054247B /* Release */,
			);
			defaultConfigurationIsVisible = 0;
			defaultConfigurationName = Release;
		};
/* End XCConfigurationList section */
	};
	rootObject = 29B97313FDCFA39411CA2CEA /* Project object */;
}
